PR# 1919 - nPR# 1919 - aPR# 1919 - mPR# 1919 - ePR# 1919 - :PR# 1919 -  PR# 1919 - "PR# 1919 - BPR# 1919 - rPR# 1919 - aPR# 1919 - nPR# 1919 - dPR# 1919 -  PR# 1919 - iPR# 1919 - mPR# 1919 - pPR# 1919 - ePR# 1919 - rPR# 1919 - sPR# 1919 - oPR# 1919 - nPR# 1919 - aPR# 1919 - tPR# 1919 - iPR# 1919 - oPR# 1919 - nPR# 1919 - :PR# 1919 -  PR# 1919 - NPR# 1919 - oPR# 1919 - rPR# 1919 - tPR# 1919 - oPR# 1919 - nPR# 1919 - "PR# 1919 - 
PR# 1919 - dPR# 1919 - ePR# 1919 - sPR# 1919 - cPR# 1919 - rPR# 1919 - iPR# 1919 - pPR# 1919 - tPR# 1919 - iPR# 1919 - oPR# 1919 - nPR# 1919 - :PR# 1919 -  PR# 1919 - |PR# 1919 - 
PR# 1919 -  PR# 1919 -  PR# 1919 - SPR# 1919 - cPR# 1919 - aPR# 1919 - nPR# 1919 - sPR# 1919 -  PR# 1919 - fPR# 1919 - iPR# 1919 - lPR# 1919 - ePR# 1919 - sPR# 1919 -  PR# 1919 - tPR# 1919 - oPR# 1919 -  PR# 1919 - dPR# 1919 - ePR# 1919 - tPR# 1919 - ePR# 1919 - cPR# 1919 - tPR# 1919 -  PR# 1919 - NPR# 1919 - oPR# 1919 - rPR# 1919 - tPR# 1919 - oPR# 1919 - nPR# 1919 -  PR# 1919 - (PR# 1919 - LPR# 1919 - iPR# 1919 - fPR# 1919 - ePR# 1919 - lPR# 1919 - oPR# 1919 - cPR# 1919 - kPR# 1919 - |PR# 1919 - 3PR# 1919 - 6PR# 1919 - 0PR# 1919 - |PR# 1919 - SPR# 1919 - ePR# 1919 - cPR# 1919 - uPR# 1919 - rPR# 1919 - iPR# 1919 - tPR# 1919 - yPR# 1919 - )PR# 1919 -  PR# 1919 - iPR# 1919 - mPR# 1919 - pPR# 1919 - ePR# 1919 - rPR# 1919 - sPR# 1919 - oPR# 1919 - nPR# 1919 - aPR# 1919 - tPR# 1919 - iPR# 1919 - oPR# 1919 - nPR# 1919 - .PR# 1919 - 
PR# 1919 - rPR# 1919 - ePR# 1919 - fPR# 1919 - ePR# 1919 - rPR# 1919 - ePR# 1919 - nPR# 1919 - cPR# 1919 - ePR# 1919 - sPR# 1919 - :PR# 1919 - 
PR# 1919 -  PR# 1919 -  PR# 1919 - -PR# 1919 -  PR# 1919 - "PR# 1919 - hPR# 1919 - tPR# 1919 - tPR# 1919 - pPR# 1919 - sPR# 1919 - :PR# 1919 - /PR# 1919 - /PR# 1919 - tPR# 1919 - ePR# 1919 - cPR# 1919 - hPR# 1919 - aPR# 1919 - ePR# 1919 - rPR# 1919 - iPR# 1919 - sPR# 1919 - .PR# 1919 - cPR# 1919 - oPR# 1919 - mPR# 1919 - /PR# 1919 - 2PR# 1919 - 0PR# 1919 - 2PR# 1919 - 1PR# 1919 - /PR# 1919 - 1PR# 1919 - 0PR# 1919 - /PR# 1919 - 2PR# 1919 - 3PR# 1919 - /PR# 1919 - pPR# 1919 - sPR# 1919 - aPR# 1919 - -PR# 1919 - wPR# 1919 - aPR# 1919 - tPR# 1919 - cPR# 1919 - hPR# 1919 - -PR# 1919 - oPR# 1919 - uPR# 1919 - tPR# 1919 - -PR# 1919 - fPR# 1919 - oPR# 1919 - rPR# 1919 - -PR# 1919 - nPR# 1919 - oPR# 1919 - rPR# 1919 - tPR# 1919 - oPR# 1919 - nPR# 1919 - -PR# 1919 - lPR# 1919 - iPR# 1919 - fPR# 1919 - ePR# 1919 - lPR# 1919 - oPR# 1919 - cPR# 1919 - kPR# 1919 - -PR# 1919 - pPR# 1919 - hPR# 1919 - iPR# 1919 - sPR# 1919 - hPR# 1919 - iPR# 1919 - nPR# 1919 - gPR# 1919 - -PR# 1919 - ePR# 1919 - mPR# 1919 - aPR# 1919 - iPR# 1919 - lPR# 1919 - sPR# 1919 - /PR# 1919 - "PR# 1919 - 
PR# 1919 -  PR# 1919 -  PR# 1919 - -PR# 1919 -  PR# 1919 - "PR# 1919 - hPR# 1919 - tPR# 1919 - tPR# 1919 - pPR# 1919 - sPR# 1919 - :PR# 1919 - /PR# 1919 - /PR# 1919 - pPR# 1919 - lPR# 1919 - aPR# 1919 - yPR# 1919 - gPR# 1919 - rPR# 1919 - oPR# 1919 - uPR# 1919 - nPR# 1919 - dPR# 1919 - .PR# 1919 - sPR# 1919 - uPR# 1919 - bPR# 1919 - lPR# 1919 - iPR# 1919 - mPR# 1919 - ePR# 1919 - sPR# 1919 - ePR# 1919 - cPR# 1919 - uPR# 1919 - rPR# 1919 - iPR# 1919 - tPR# 1919 - yPR# 1919 - .PR# 1919 - cPR# 1919 - oPR# 1919 - mPR# 1919 - ?PR# 1919 - iPR# 1919 - dPR# 1919 - =PR# 1919 - 3PR# 1919 - 1PR# 1919 - 3PR# 1919 - 1PR# 1919 - 0PR# 1919 - ePR# 1919 - fPR# 1919 - 5PR# 1919 - -PR# 1919 - 8PR# 1919 - 7PR# 1919 - 2PR# 1919 - 5PR# 1919 - -PR# 1919 - 4PR# 1919 - 9PR# 1919 - bPR# 1919 - 8PR# 1919 - -PR# 1919 - 9PR# 1919 - cPR# 1919 - 3PR# 1919 - 3PR# 1919 - -PR# 1919 - 6PR# 1919 - bPR# 1919 - 1PR# 1919 - 8PR# 1919 - ePR# 1919 - cPR# 1919 - dPR# 1919 - bPR# 1919 - 5PR# 1919 - bPR# 1919 - aPR# 1919 - 0PR# 1919 - "PR# 1919 - 
PR# 1919 -  PR# 1919 -  PR# 1919 - -PR# 1919 -  PR# 1919 - "PR# 1919 - hPR# 1919 - tPR# 1919 - tPR# 1919 - pPR# 1919 - sPR# 1919 - :PR# 1919 - /PR# 1919 - /PR# 1919 - pPR# 1919 - lPR# 1919 - aPR# 1919 - yPR# 1919 - gPR# 1919 - rPR# 1919 - oPR# 1919 - uPR# 1919 - nPR# 1919 - dPR# 1919 - .PR# 1919 - sPR# 1919 - uPR# 1919 - bPR# 1919 - lPR# 1919 - iPR# 1919 - mPR# 1919 - ePR# 1919 - sPR# 1919 - ePR# 1919 - cPR# 1919 - uPR# 1919 - rPR# 1919 - iPR# 1919 - tPR# 1919 - yPR# 1919 - .PR# 1919 - cPR# 1919 - oPR# 1919 - mPR# 1919 - ?PR# 1919 - iPR# 1919 - dPR# 1919 - =PR# 1919 - aPR# 1919 - 6PR# 1919 - 7PR# 1919 - bPR# 1919 - cPR# 1919 - 6PR# 1919 - 1PR# 1919 - cPR# 1919 - -PR# 1919 - 2PR# 1919 - 8PR# 1919 - fPR# 1919 - 0PR# 1919 - -PR# 1919 - 4PR# 1919 - 9PR# 1919 - 0PR# 1919 - 4PR# 1919 - -PR# 1919 - aPR# 1919 - 0PR# 1919 - 4PR# 1919 - 6PR# 1919 - -PR# 1919 - 4PR# 1919 - 5PR# 1919 - 8PR# 1919 - 4PR# 1919 - ePR# 1919 - 7PR# 1919 - 0PR# 1919 - 6PR# 1919 - 6PR# 1919 - 9PR# 1919 - 7PR# 1919 - dPR# 1919 - "PR# 1919 - 
PR# 1919 -  PR# 1919 -  PR# 1919 - -PR# 1919 -  PR# 1919 - "PR# 1919 - hPR# 1919 - tPR# 1919 - tPR# 1919 - pPR# 1919 - sPR# 1919 - :PR# 1919 - /PR# 1919 - /PR# 1919 - pPR# 1919 - lPR# 1919 - aPR# 1919 - yPR# 1919 - gPR# 1919 - rPR# 1919 - oPR# 1919 - uPR# 1919 - nPR# 1919 - dPR# 1919 - .PR# 1919 - sPR# 1919 - uPR# 1919 - bPR# 1919 - lPR# 1919 - iPR# 1919 - mPR# 1919 - ePR# 1919 - sPR# 1919 - ePR# 1919 - cPR# 1919 - uPR# 1919 - rPR# 1919 - iPR# 1919 - tPR# 1919 - yPR# 1919 - .PR# 1919 - cPR# 1919 - oPR# 1919 - mPR# 1919 - ?PR# 1919 - iPR# 1919 - dPR# 1919 - =PR# 1919 - 3PR# 1919 - fPR# 1919 - 5PR# 1919 - 8PR# 1919 - 0PR# 1919 - 9PR# 1919 - cPR# 1919 - 9PR# 1919 - -PR# 1919 - 4PR# 1919 - 3PR# 1919 - cPR# 1919 - fPR# 1919 - -PR# 1919 - 4PR# 1919 - fPR# 1919 - 0PR# 1919 - cPR# 1919 - -PR# 1919 - aPR# 1919 - 7PR# 1919 - 0PR# 1919 - 9PR# 1919 - -PR# 1919 - 6PR# 1919 - fPR# 1919 - 9PR# 1919 - ePR# 1919 - 3PR# 1919 - 9PR# 1919 - 1PR# 1919 - 2PR# 1919 - dPR# 1919 - bPR# 1919 - bPR# 1919 - 4PR# 1919 - "PR# 1919 - 
PR# 1919 - tPR# 1919 - yPR# 1919 - pPR# 1919 - ePR# 1919 - :PR# 1919 -  PR# 1919 - "PR# 1919 - rPR# 1919 - uPR# 1919 - lPR# 1919 - ePR# 1919 - "PR# 1919 - 
PR# 1919 - sPR# 1919 - ePR# 1919 - vPR# 1919 - ePR# 1919 - rPR# 1919 - iPR# 1919 - tPR# 1919 - yPR# 1919 - :PR# 1919 -  PR# 1919 - "PR# 1919 - lPR# 1919 - oPR# 1919 - wPR# 1919 - "PR# 1919 - 
PR# 1919 - sPR# 1919 - oPR# 1919 - uPR# 1919 - rPR# 1919 - cPR# 1919 - ePR# 1919 - :PR# 1919 -  PR# 1919 - |PR# 1919 - 
PR# 1919 -  PR# 1919 -  PR# 1919 - tPR# 1919 - yPR# 1919 - pPR# 1919 - ePR# 1919 - .PR# 1919 - iPR# 1919 - nPR# 1919 - bPR# 1919 - oPR# 1919 - uPR# 1919 - nPR# 1919 - dPR# 1919 - 
PR# 1919 -  PR# 1919 -  PR# 1919 - aPR# 1919 - nPR# 1919 - dPR# 1919 -  PR# 1919 - sPR# 1919 - ePR# 1919 - nPR# 1919 - dPR# 1919 - ePR# 1919 - rPR# 1919 - .PR# 1919 - ePR# 1919 - mPR# 1919 - aPR# 1919 - iPR# 1919 - lPR# 1919 - .PR# 1919 - dPR# 1919 - oPR# 1919 - mPR# 1919 - aPR# 1919 - iPR# 1919 - nPR# 1919 - .PR# 1919 - dPR# 1919 - oPR# 1919 - mPR# 1919 - aPR# 1919 - iPR# 1919 - nPR# 1919 -  PR# 1919 - !PR# 1919 - =PR# 1919 -  PR# 1919 - "PR# 1919 - nPR# 1919 - oPR# 1919 - rPR# 1919 - tPR# 1919 - oPR# 1919 - nPR# 1919 - .PR# 1919 - cPR# 1919 - oPR# 1919 - mPR# 1919 - "PR# 1919 - 
PR# 1919 -  PR# 1919 -  PR# 1919 - aPR# 1919 - nPR# 1919 - dPR# 1919 -  PR# 1919 - aPR# 1919 - nPR# 1919 - yPR# 1919 - (PR# 1919 - aPR# 1919 - tPR# 1919 - tPR# 1919 - aPR# 1919 - cPR# 1919 - hPR# 1919 - mPR# 1919 - ePR# 1919 - nPR# 1919 - tPR# 1919 - sPR# 1919 - ,PR# 1919 - 
PR# 1919 -  PR# 1919 -  PR# 1919 -  PR# 1919 -  PR# 1919 -  PR# 1919 -  PR# 1919 -  PR# 1919 -  PR# 1919 -  PR# 1919 -  PR# 1919 - (PR# 1919 - .PR# 1919 - fPR# 1919 - iPR# 1919 - lPR# 1919 - ePR# 1919 - _PR# 1919 - tPR# 1919 - yPR# 1919 - pPR# 1919 - ePR# 1919 -  PR# 1919 - iPR# 1919 - nPR# 1919 -  PR# 1919 - $PR# 1919 - fPR# 1919 - iPR# 1919 - lPR# 1919 - ePR# 1919 - _PR# 1919 - tPR# 1919 - yPR# 1919 - pPR# 1919 - ePR# 1919 - sPR# 1919 - _PR# 1919 - iPR# 1919 - mPR# 1919 - aPR# 1919 - gPR# 1919 - ePR# 1919 - sPR# 1919 -  PR# 1919 - oPR# 1919 - rPR# 1919 -  PR# 1919 - .PR# 1919 - fPR# 1919 - iPR# 1919 - lPR# 1919 - ePR# 1919 - _PR# 1919 - tPR# 1919 - yPR# 1919 - pPR# 1919 - ePR# 1919 -  PR# 1919 - =PR# 1919 - =PR# 1919 -  PR# 1919 - "PR# 1919 - pPR# 1919 - dPR# 1919 - fPR# 1919 - "PR# 1919 - )PR# 1919 - 
PR# 1919 -  PR# 1919 -  PR# 1919 -  PR# 1919 -  PR# 1919 -  PR# 1919 -  PR# 1919 -  PR# 1919 -  PR# 1919 -  PR# 1919 -  PR# 1919 - aPR# 1919 - nPR# 1919 - dPR# 1919 -  PR# 1919 - (PR# 1919 - 
PR# 1919 -  PR# 1919 -  PR# 1919 -  PR# 1919 -  PR# 1919 -  PR# 1919 -  PR# 1919 -  PR# 1919 -  PR# 1919 -  PR# 1919 -  PR# 1919 -  PR# 1919 -  PR# 1919 - (PR# 1919 - 
PR# 1919 -  PR# 1919 -  PR# 1919 -  PR# 1919 -  PR# 1919 -  PR# 1919 -  PR# 1919 -  PR# 1919 -  PR# 1919 -  PR# 1919 -  PR# 1919 -  PR# 1919 -  PR# 1919 -  PR# 1919 -  PR# 1919 - sPR# 1919 - tPR# 1919 - rPR# 1919 - iPR# 1919 - nPR# 1919 - gPR# 1919 - sPR# 1919 - .PR# 1919 - iPR# 1919 - lPR# 1919 - iPR# 1919 - kPR# 1919 - ePR# 1919 - (PR# 1919 - .PR# 1919 - fPR# 1919 - iPR# 1919 - lPR# 1919 - ePR# 1919 - _PR# 1919 - nPR# 1919 - aPR# 1919 - mPR# 1919 - ePR# 1919 - ,PR# 1919 -  PR# 1919 - "PR# 1919 - *PR# 1919 - nPR# 1919 - oPR# 1919 - rPR# 1919 - tPR# 1919 - oPR# 1919 - nPR# 1919 - *PR# 1919 - "PR# 1919 - )PR# 1919 - 
PR# 1919 -  PR# 1919 -  PR# 1919 -  PR# 1919 -  PR# 1919 -  PR# 1919 -  PR# 1919 -  PR# 1919 -  PR# 1919 -  PR# 1919 -  PR# 1919 -  PR# 1919 -  PR# 1919 -  PR# 1919 -  PR# 1919 - aPR# 1919 - nPR# 1919 - dPR# 1919 -  PR# 1919 - nPR# 1919 - oPR# 1919 - tPR# 1919 -  PR# 1919 - (PR# 1919 - 
PR# 1919 -  PR# 1919 -  PR# 1919 -  PR# 1919 -  PR# 1919 -  PR# 1919 -  PR# 1919 -  PR# 1919 -  PR# 1919 -  PR# 1919 -  PR# 1919 -  PR# 1919 -  PR# 1919 -  PR# 1919 -  PR# 1919 -  PR# 1919 -  PR# 1919 - aPR# 1919 - nPR# 1919 - yPR# 1919 - (PR# 1919 - rPR# 1919 - ePR# 1919 - cPR# 1919 - iPR# 1919 - pPR# 1919 - iPR# 1919 - ePR# 1919 - nPR# 1919 - tPR# 1919 - sPR# 1919 - .PR# 1919 - tPR# 1919 - oPR# 1919 - ,PR# 1919 -  PR# 1919 - sPR# 1919 - tPR# 1919 - rPR# 1919 - iPR# 1919 - nPR# 1919 - gPR# 1919 - sPR# 1919 - .PR# 1919 - iPR# 1919 - ePR# 1919 - nPR# 1919 - dPR# 1919 - sPR# 1919 - _PR# 1919 - wPR# 1919 - iPR# 1919 - tPR# 1919 - hPR# 1919 - (PR# 1919 - .PR# 1919 - dPR# 1919 - iPR# 1919 - sPR# 1919 - pPR# 1919 - lPR# 1919 - aPR# 1919 - yPR# 1919 - _PR# 1919 - nPR# 1919 - aPR# 1919 - mPR# 1919 - ePR# 1919 - ,PR# 1919 -  PR# 1919 - "PR# 1919 - NPR# 1919 - oPR# 1919 - rPR# 1919 - tPR# 1919 - oPR# 1919 - nPR# 1919 - "PR# 1919 - )PR# 1919 - )PR# 1919 - 
PR# 1919 -  PR# 1919 -  PR# 1919 -  PR# 1919 -  PR# 1919 -  PR# 1919 -  PR# 1919 -  PR# 1919 -  PR# 1919 -  PR# 1919 -  PR# 1919 -  PR# 1919 -  PR# 1919 -  PR# 1919 -  PR# 1919 - )PR# 1919 - 
PR# 1919 -  PR# 1919 -  PR# 1919 -  PR# 1919 -  PR# 1919 -  PR# 1919 -  PR# 1919 -  PR# 1919 -  PR# 1919 -  PR# 1919 -  PR# 1919 -  PR# 1919 -  PR# 1919 - )PR# 1919 - 
PR# 1919 -  PR# 1919 -  PR# 1919 -  PR# 1919 -  PR# 1919 -  PR# 1919 -  PR# 1919 -  PR# 1919 -  PR# 1919 -  PR# 1919 -  PR# 1919 -  PR# 1919 -  PR# 1919 - oPR# 1919 - rPR# 1919 -  PR# 1919 - aPR# 1919 - nPR# 1919 - yPR# 1919 - (PR# 1919 - fPR# 1919 - iPR# 1919 - lPR# 1919 - ePR# 1919 - .PR# 1919 - ePR# 1919 - xPR# 1919 - pPR# 1919 - lPR# 1919 - oPR# 1919 - dPR# 1919 - ePR# 1919 - (PR# 1919 - .PR# 1919 - )PR# 1919 - ,PR# 1919 - 
PR# 1919 -  PR# 1919 -  PR# 1919 -  PR# 1919 -  PR# 1919 -  PR# 1919 -  PR# 1919 -  PR# 1919 -  PR# 1919 -  PR# 1919 -  PR# 1919 -  PR# 1919 -  PR# 1919 -  PR# 1919 -  PR# 1919 -  PR# 1919 -  PR# 1919 -  PR# 1919 -  PR# 1919 -  PR# 1919 - rPR# 1919 - ePR# 1919 - gPR# 1919 - ePR# 1919 - xPR# 1919 - .PR# 1919 - iPR# 1919 - cPR# 1919 - oPR# 1919 - nPR# 1919 - tPR# 1919 - aPR# 1919 - iPR# 1919 - nPR# 1919 - sPR# 1919 - (PR# 1919 - .PR# 1919 - sPR# 1919 - cPR# 1919 - aPR# 1919 - nPR# 1919 - .PR# 1919 - oPR# 1919 - cPR# 1919 - rPR# 1919 - .PR# 1919 - rPR# 1919 - aPR# 1919 - wPR# 1919 - ,PR# 1919 - 
PR# 1919 -  PR# 1919 -  PR# 1919 -  PR# 1919 -  PR# 1919 -  PR# 1919 -  PR# 1919 -  PR# 1919 -  PR# 1919 -  PR# 1919 -  PR# 1919 -  PR# 1919 -  PR# 1919 -  PR# 1919 -  PR# 1919 -  PR# 1919 -  PR# 1919 -  PR# 1919 -  PR# 1919 -  PR# 1919 -  PR# 1919 -  PR# 1919 -  PR# 1919 -  PR# 1919 -  PR# 1919 -  PR# 1919 -  PR# 1919 -  PR# 1919 -  PR# 1919 -  PR# 1919 -  PR# 1919 -  PR# 1919 -  PR# 1919 -  PR# 1919 -  PR# 1919 -  PR# 1919 - "PR# 1919 - .PR# 1919 - *PR# 1919 - nPR# 1919 - oPR# 1919 - rPR# 1919 - tPR# 1919 - oPR# 1919 - nPR# 1919 - .PR# 1919 - ?PR# 1919 - 6PR# 1919 - 0PR# 1919 - .PR# 1919 - *PR# 1919 - "PR# 1919 - ,PR# 1919 - 
PR# 1919 -  PR# 1919 -  PR# 1919 -  PR# 1919 -  PR# 1919 -  PR# 1919 -  PR# 1919 -  PR# 1919 -  PR# 1919 -  PR# 1919 -  PR# 1919 -  PR# 1919 -  PR# 1919 -  PR# 1919 -  PR# 1919 -  PR# 1919 -  PR# 1919 -  PR# 1919 -  PR# 1919 -  PR# 1919 -  PR# 1919 -  PR# 1919 -  PR# 1919 -  PR# 1919 -  PR# 1919 -  PR# 1919 -  PR# 1919 -  PR# 1919 -  PR# 1919 -  PR# 1919 -  PR# 1919 -  PR# 1919 -  PR# 1919 -  PR# 1919 -  PR# 1919 -  PR# 1919 - "PR# 1919 - .PR# 1919 - *PR# 1919 - lPR# 1919 - iPR# 1919 - fPR# 1919 - ePR# 1919 - lPR# 1919 - oPR# 1919 - cPR# 1919 - kPR# 1919 - .PR# 1919 - *PR# 1919 - "PR# 1919 - ,PR# 1919 - 
PR# 1919 -  PR# 1919 -  PR# 1919 -  PR# 1919 -  PR# 1919 -  PR# 1919 -  PR# 1919 -  PR# 1919 -  PR# 1919 -  PR# 1919 -  PR# 1919 -  PR# 1919 -  PR# 1919 -  PR# 1919 -  PR# 1919 -  PR# 1919 -  PR# 1919 -  PR# 1919 -  PR# 1919 -  PR# 1919 -  PR# 1919 -  PR# 1919 -  PR# 1919 -  PR# 1919 -  PR# 1919 -  PR# 1919 -  PR# 1919 -  PR# 1919 -  PR# 1919 -  PR# 1919 -  PR# 1919 -  PR# 1919 -  PR# 1919 -  PR# 1919 -  PR# 1919 -  PR# 1919 - "PR# 1919 - .PR# 1919 - *PR# 1919 - nPR# 1919 - oPR# 1919 - rPR# 1919 - tPR# 1919 - oPR# 1919 - nPR# 1919 - .PR# 1919 - ?PR# 1919 - sPR# 1919 - ePR# 1919 - cPR# 1919 - uPR# 1919 - rPR# 1919 - iPR# 1919 - tPR# 1919 - yPR# 1919 - .PR# 1919 - *PR# 1919 - "PR# 1919 - 
PR# 1919 -  PR# 1919 -  PR# 1919 -  PR# 1919 -  PR# 1919 -  PR# 1919 -  PR# 1919 -  PR# 1919 -  PR# 1919 -  PR# 1919 -  PR# 1919 -  PR# 1919 -  PR# 1919 -  PR# 1919 -  PR# 1919 -  PR# 1919 -  PR# 1919 -  PR# 1919 -  PR# 1919 -  PR# 1919 - )PR# 1919 - 
PR# 1919 -  PR# 1919 -  PR# 1919 -  PR# 1919 -  PR# 1919 -  PR# 1919 -  PR# 1919 -  PR# 1919 -  PR# 1919 -  PR# 1919 -  PR# 1919 -  PR# 1919 -  PR# 1919 - )PR# 1919 - 
PR# 1919 -  PR# 1919 -  PR# 1919 -  PR# 1919 -  PR# 1919 -  PR# 1919 -  PR# 1919 -  PR# 1919 -  PR# 1919 -  PR# 1919 -  PR# 1919 - )PR# 1919 - 
PR# 1919 -  PR# 1919 -  PR# 1919 - )PR# 1919 - 
PR# 1919 -  PR# 1919 -  PR# 1919 - aPR# 1919 - nPR# 1919 - dPR# 1919 -  PR# 1919 - (PR# 1919 - 
PR# 1919 -  PR# 1919 -  PR# 1919 -  PR# 1919 -  PR# 1919 - (PR# 1919 - 
PR# 1919 -  PR# 1919 -  PR# 1919 -  PR# 1919 -  PR# 1919 -  PR# 1919 -  PR# 1919 - /PR# 1919 - /PR# 1919 -  PR# 1919 - iPR# 1919 - fPR# 1919 -  PR# 1919 - fPR# 1919 - rPR# 1919 - ePR# 1919 - ePR# 1919 - mPR# 1919 - aPR# 1919 - iPR# 1919 - lPR# 1919 - ,PR# 1919 -  PR# 1919 - fPR# 1919 - lPR# 1919 - aPR# 1919 - gPR# 1919 -  PR# 1919 - iPR# 1919 - fPR# 1919 -  PR# 1919 - iPR# 1919 - tPR# 1919 - 'PR# 1919 - sPR# 1919 -  PR# 1919 - aPR# 1919 -  PR# 1919 - fPR# 1919 - iPR# 1919 - rPR# 1919 - sPR# 1919 - tPR# 1919 - -PR# 1919 - tPR# 1919 - iPR# 1919 - mPR# 1919 - ePR# 1919 -  PR# 1919 - sPR# 1919 - ePR# 1919 - nPR# 1919 - dPR# 1919 - ePR# 1919 - rPR# 1919 - 
PR# 1919 -  PR# 1919 -  PR# 1919 -  PR# 1919 -  PR# 1919 -  PR# 1919 -  PR# 1919 - sPR# 1919 - ePR# 1919 - nPR# 1919 - dPR# 1919 - ePR# 1919 - rPR# 1919 - .PR# 1919 - ePR# 1919 - mPR# 1919 - aPR# 1919 - iPR# 1919 - lPR# 1919 - .PR# 1919 - dPR# 1919 - oPR# 1919 - mPR# 1919 - aPR# 1919 - iPR# 1919 - nPR# 1919 - .PR# 1919 - rPR# 1919 - oPR# 1919 - oPR# 1919 - tPR# 1919 - _PR# 1919 - dPR# 1919 - oPR# 1919 - mPR# 1919 - aPR# 1919 - iPR# 1919 - nPR# 1919 -  PR# 1919 - iPR# 1919 - nPR# 1919 -  PR# 1919 - $PR# 1919 - fPR# 1919 - rPR# 1919 - ePR# 1919 - ePR# 1919 - _PR# 1919 - ePR# 1919 - mPR# 1919 - aPR# 1919 - iPR# 1919 - lPR# 1919 - _PR# 1919 - pPR# 1919 - rPR# 1919 - oPR# 1919 - vPR# 1919 - iPR# 1919 - dPR# 1919 - ePR# 1919 - rPR# 1919 - sPR# 1919 - 
PR# 1919 -  PR# 1919 -  PR# 1919 -  PR# 1919 -  PR# 1919 -  PR# 1919 -  PR# 1919 - aPR# 1919 - nPR# 1919 - dPR# 1919 -  PR# 1919 - sPR# 1919 - ePR# 1919 - nPR# 1919 - dPR# 1919 - ePR# 1919 - rPR# 1919 - .PR# 1919 - ePR# 1919 - mPR# 1919 - aPR# 1919 - iPR# 1919 - lPR# 1919 - .PR# 1919 - ePR# 1919 - mPR# 1919 - aPR# 1919 - iPR# 1919 - lPR# 1919 -  PR# 1919 - nPR# 1919 - oPR# 1919 - tPR# 1919 -  PR# 1919 - iPR# 1919 - nPR# 1919 -  PR# 1919 - $PR# 1919 - sPR# 1919 - ePR# 1919 - nPR# 1919 - dPR# 1919 - ePR# 1919 - rPR# 1919 - _PR# 1919 - ePR# 1919 - mPR# 1919 - aPR# 1919 - iPR# 1919 - lPR# 1919 - sPR# 1919 - 
PR# 1919 -  PR# 1919 -  PR# 1919 -  PR# 1919 -  PR# 1919 - )PR# 1919 - 
PR# 1919 -  PR# 1919 -  PR# 1919 -  PR# 1919 -  PR# 1919 - oPR# 1919 - rPR# 1919 -  PR# 1919 - (PR# 1919 - 
PR# 1919 -  PR# 1919 -  PR# 1919 -  PR# 1919 -  PR# 1919 -  PR# 1919 -  PR# 1919 - /PR# 1919 - /PR# 1919 -  PR# 1919 - iPR# 1919 - fPR# 1919 -  PR# 1919 - cPR# 1919 - uPR# 1919 - sPR# 1919 - tPR# 1919 - oPR# 1919 - mPR# 1919 -  PR# 1919 - dPR# 1919 - oPR# 1919 - mPR# 1919 - aPR# 1919 - iPR# 1919 - nPR# 1919 - ,PR# 1919 -  PR# 1919 - wPR# 1919 - ePR# 1919 -  PR# 1919 - wPR# 1919 - aPR# 1919 - nPR# 1919 - tPR# 1919 -  PR# 1919 - tPR# 1919 - oPR# 1919 -  PR# 1919 - aPR# 1919 - vPR# 1919 - oPR# 1919 - iPR# 1919 - dPR# 1919 -  PR# 1919 - fPR# 1919 - lPR# 1919 - aPR# 1919 - gPR# 1919 - gPR# 1919 - iPR# 1919 - nPR# 1919 - gPR# 1919 - 
PR# 1919 -  PR# 1919 -  PR# 1919 -  PR# 1919 -  PR# 1919 -  PR# 1919 -  PR# 1919 - /PR# 1919 - /PR# 1919 -  PR# 1919 - oPR# 1919 - nPR# 1919 -  PR# 1919 - tPR# 1919 - hPR# 1919 - ePR# 1919 -  PR# 1919 - rPR# 1919 - ePR# 1919 - aPR# 1919 - lPR# 1919 -  PR# 1919 - NPR# 1919 - oPR# 1919 - rPR# 1919 - tPR# 1919 - oPR# 1919 - nPR# 1919 -  PR# 1919 - iPR# 1919 - nPR# 1919 - vPR# 1919 - oPR# 1919 - iPR# 1919 - cPR# 1919 - ePR# 1919 - sPR# 1919 - 
PR# 1919 -  PR# 1919 -  PR# 1919 -  PR# 1919 -  PR# 1919 -  PR# 1919 -  PR# 1919 - /PR# 1919 - /PR# 1919 -  PR# 1919 - sPR# 1919 - oPR# 1919 -  PR# 1919 - wPR# 1919 - ePR# 1919 -  PR# 1919 - fPR# 1919 - lPR# 1919 - aPR# 1919 - gPR# 1919 -  PR# 1919 - iPR# 1919 - fPR# 1919 -  PR# 1919 - iPR# 1919 - tPR# 1919 - 'PR# 1919 - sPR# 1919 -  PR# 1919 - nPR# 1919 - oPR# 1919 - tPR# 1919 -  PR# 1919 - aPR# 1919 -  PR# 1919 - fPR# 1919 - iPR# 1919 - rPR# 1919 - sPR# 1919 - tPR# 1919 - -PR# 1919 - tPR# 1919 - iPR# 1919 - mPR# 1919 - ePR# 1919 -  PR# 1919 - sPR# 1919 - ePR# 1919 - nPR# 1919 - dPR# 1919 - ePR# 1919 - rPR# 1919 - 
PR# 1919 -  PR# 1919 -  PR# 1919 -  PR# 1919 -  PR# 1919 -  PR# 1919 -  PR# 1919 - /PR# 1919 - /PR# 1919 -  PR# 1919 - aPR# 1919 - nPR# 1919 - dPR# 1919 -  PR# 1919 - iPR# 1919 - fPR# 1919 -  PR# 1919 - iPR# 1919 - tPR# 1919 - 'PR# 1919 - sPR# 1919 -  PR# 1919 - nPR# 1919 - oPR# 1919 - tPR# 1919 -  PR# 1919 - iPR# 1919 - nPR# 1919 -  PR# 1919 - tPR# 1919 - hPR# 1919 - ePR# 1919 -  PR# 1919 - tPR# 1919 - rPR# 1919 - aPR# 1919 - nPR# 1919 - cPR# 1919 - oPR# 1919 -  PR# 1919 - 1PR# 1919 - MPR# 1919 -  PR# 1919 - wPR# 1919 - /PR# 1919 -  PR# 1919 - aPR# 1919 -  PR# 1919 - rPR# 1919 - ePR# 1919 - pPR# 1919 - lPR# 1919 - yPR# 1919 - -PR# 1919 - tPR# 1919 - oPR# 1919 -  PR# 1919 - mPR# 1919 - iPR# 1919 - sPR# 1919 - mPR# 1919 - aPR# 1919 - tPR# 1919 - cPR# 1919 - hPR# 1919 - 
PR# 1919 -  PR# 1919 -  PR# 1919 -  PR# 1919 -  PR# 1919 -  PR# 1919 -  PR# 1919 - /PR# 1919 - /PR# 1919 -  PR# 1919 - fPR# 1919 - oPR# 1919 - rPR# 1919 -  PR# 1919 - ePR# 1919 - xPR# 1919 - aPR# 1919 - mPR# 1919 - pPR# 1919 - lPR# 1919 - ePR# 1919 -  PR# 1919 - wPR# 1919 - ePR# 1919 - 'PR# 1919 - vPR# 1919 - ePR# 1919 -  PR# 1919 - oPR# 1919 - bPR# 1919 - sPR# 1919 - ePR# 1919 - rPR# 1919 - vPR# 1919 - ePR# 1919 - dPR# 1919 - :PR# 1919 - 
PR# 1919 -  PR# 1919 -  PR# 1919 -  PR# 1919 -  PR# 1919 -  PR# 1919 -  PR# 1919 - /PR# 1919 - /PR# 1919 -  PR# 1919 - SPR# 1919 - ePR# 1919 - nPR# 1919 - dPR# 1919 - ePR# 1919 - rPR# 1919 - :PR# 1919 -  PR# 1919 - NPR# 1919 - oPR# 1919 - rPR# 1919 - tPR# 1919 - oPR# 1919 - nPR# 1919 -  PR# 1919 - <PR# 1919 - qPR# 1919 - uPR# 1919 - iPR# 1919 - cPR# 1919 - kPR# 1919 - bPR# 1919 - oPR# 1919 - oPR# 1919 - kPR# 1919 - sPR# 1919 - @PR# 1919 - nPR# 1919 - oPR# 1919 - tPR# 1919 - iPR# 1919 - fPR# 1919 - iPR# 1919 - cPR# 1919 - aPR# 1919 - tPR# 1919 - iPR# 1919 - oPR# 1919 - nPR# 1919 - .PR# 1919 - iPR# 1919 - nPR# 1919 - tPR# 1919 - uPR# 1919 - iPR# 1919 - tPR# 1919 - .PR# 1919 - cPR# 1919 - oPR# 1919 - mPR# 1919 - >PR# 1919 - 
PR# 1919 -  PR# 1919 -  PR# 1919 -  PR# 1919 -  PR# 1919 -  PR# 1919 -  PR# 1919 - /PR# 1919 - /PR# 1919 -  PR# 1919 - RPR# 1919 - ePR# 1919 - pPR# 1919 - lPR# 1919 - yPR# 1919 - -PR# 1919 - tPR# 1919 - oPR# 1919 - :PR# 1919 -  PR# 1919 - fPR# 1919 - oPR# 1919 - oPR# 1919 - @PR# 1919 - oPR# 1919 - uPR# 1919 - tPR# 1919 - lPR# 1919 - oPR# 1919 - oPR# 1919 - kPR# 1919 - .PR# 1919 - cPR# 1919 - oPR# 1919 - mPR# 1919 - 
PR# 1919 -  PR# 1919 -  PR# 1919 -  PR# 1919 -  PR# 1919 -  PR# 1919 -  PR# 1919 - sPR# 1919 - ePR# 1919 - nPR# 1919 - dPR# 1919 - ePR# 1919 - rPR# 1919 - .PR# 1919 - ePR# 1919 - mPR# 1919 - aPR# 1919 - iPR# 1919 - lPR# 1919 - .PR# 1919 - dPR# 1919 - oPR# 1919 - mPR# 1919 - aPR# 1919 - iPR# 1919 - nPR# 1919 - .PR# 1919 - rPR# 1919 - oPR# 1919 - oPR# 1919 - tPR# 1919 - _PR# 1919 - dPR# 1919 - oPR# 1919 - mPR# 1919 - aPR# 1919 - iPR# 1919 - nPR# 1919 -  PR# 1919 - nPR# 1919 - oPR# 1919 - tPR# 1919 -  PR# 1919 - iPR# 1919 - nPR# 1919 -  PR# 1919 - $PR# 1919 - fPR# 1919 - rPR# 1919 - ePR# 1919 - ePR# 1919 - _PR# 1919 - ePR# 1919 - mPR# 1919 - aPR# 1919 - iPR# 1919 - lPR# 1919 - _PR# 1919 - pPR# 1919 - rPR# 1919 - oPR# 1919 - vPR# 1919 - iPR# 1919 - dPR# 1919 - ePR# 1919 - rPR# 1919 - sPR# 1919 - 
PR# 1919 -  PR# 1919 -  PR# 1919 -  PR# 1919 -  PR# 1919 -  PR# 1919 -  PR# 1919 - aPR# 1919 - nPR# 1919 - dPR# 1919 -  PR# 1919 - sPR# 1919 - ePR# 1919 - nPR# 1919 - dPR# 1919 - ePR# 1919 - rPR# 1919 - .PR# 1919 - ePR# 1919 - mPR# 1919 - aPR# 1919 - iPR# 1919 - lPR# 1919 - .PR# 1919 - dPR# 1919 - oPR# 1919 - mPR# 1919 - aPR# 1919 - iPR# 1919 - nPR# 1919 - .PR# 1919 - dPR# 1919 - oPR# 1919 - mPR# 1919 - aPR# 1919 - iPR# 1919 - nPR# 1919 -  PR# 1919 - nPR# 1919 - oPR# 1919 - tPR# 1919 -  PR# 1919 - iPR# 1919 - nPR# 1919 -  PR# 1919 - $PR# 1919 - sPR# 1919 - ePR# 1919 - nPR# 1919 - dPR# 1919 - ePR# 1919 - rPR# 1919 - _PR# 1919 - dPR# 1919 - oPR# 1919 - mPR# 1919 - aPR# 1919 - iPR# 1919 - nPR# 1919 - sPR# 1919 - 
PR# 1919 -  PR# 1919 -  PR# 1919 -  PR# 1919 -  PR# 1919 -  PR# 1919 -  PR# 1919 - aPR# 1919 - nPR# 1919 - dPR# 1919 -  PR# 1919 - (PR# 1919 - 
PR# 1919 -  PR# 1919 -  PR# 1919 -  PR# 1919 -  PR# 1919 -  PR# 1919 -  PR# 1919 -  PR# 1919 -  PR# 1919 - sPR# 1919 - ePR# 1919 - nPR# 1919 - dPR# 1919 - ePR# 1919 - rPR# 1919 - .PR# 1919 - ePR# 1919 - mPR# 1919 - aPR# 1919 - iPR# 1919 - lPR# 1919 - .PR# 1919 - dPR# 1919 - oPR# 1919 - mPR# 1919 - aPR# 1919 - iPR# 1919 - nPR# 1919 - .PR# 1919 - rPR# 1919 - oPR# 1919 - oPR# 1919 - tPR# 1919 - _PR# 1919 - dPR# 1919 - oPR# 1919 - mPR# 1919 - aPR# 1919 - iPR# 1919 - nPR# 1919 -  PR# 1919 - nPR# 1919 - oPR# 1919 - tPR# 1919 -  PR# 1919 - iPR# 1919 - nPR# 1919 -  PR# 1919 - $PR# 1919 - tPR# 1919 - rPR# 1919 - aPR# 1919 - nPR# 1919 - cPR# 1919 - oPR# 1919 - _PR# 1919 - 1PR# 1919 - mPR# 1919 - 
PR# 1919 -  PR# 1919 -  PR# 1919 -  PR# 1919 -  PR# 1919 -  PR# 1919 -  PR# 1919 -  PR# 1919 -  PR# 1919 - oPR# 1919 - rPR# 1919 -  PR# 1919 - aPR# 1919 - nPR# 1919 - yPR# 1919 - (PR# 1919 - hPR# 1919 - ePR# 1919 - aPR# 1919 - dPR# 1919 - ePR# 1919 - rPR# 1919 - sPR# 1919 - .PR# 1919 - rPR# 1919 - ePR# 1919 - pPR# 1919 - lPR# 1919 - yPR# 1919 - _PR# 1919 - tPR# 1919 - oPR# 1919 - ,PR# 1919 - 
PR# 1919 -  PR# 1919 -  PR# 1919 -  PR# 1919 -  PR# 1919 -  PR# 1919 -  PR# 1919 -  PR# 1919 -  PR# 1919 -  PR# 1919 -  PR# 1919 -  PR# 1919 -  PR# 1919 -  PR# 1919 -  PR# 1919 -  PR# 1919 - .PR# 1919 - ePR# 1919 - mPR# 1919 - aPR# 1919 - iPR# 1919 - lPR# 1919 - .PR# 1919 - dPR# 1919 - oPR# 1919 - mPR# 1919 - aPR# 1919 - iPR# 1919 - nPR# 1919 - .PR# 1919 - dPR# 1919 - oPR# 1919 - mPR# 1919 - aPR# 1919 - iPR# 1919 - nPR# 1919 -  PR# 1919 - !PR# 1919 - =PR# 1919 -  PR# 1919 - sPR# 1919 - ePR# 1919 - nPR# 1919 - dPR# 1919 - ePR# 1919 - rPR# 1919 - .PR# 1919 - ePR# 1919 - mPR# 1919 - aPR# 1919 - iPR# 1919 - lPR# 1919 - .PR# 1919 - dPR# 1919 - oPR# 1919 - mPR# 1919 - aPR# 1919 - iPR# 1919 - nPR# 1919 - .PR# 1919 - dPR# 1919 - oPR# 1919 - mPR# 1919 - aPR# 1919 - iPR# 1919 - nPR# 1919 - 
PR# 1919 -  PR# 1919 -  PR# 1919 -  PR# 1919 -  PR# 1919 -  PR# 1919 -  PR# 1919 -  PR# 1919 -  PR# 1919 - )PR# 1919 - 
PR# 1919 -  PR# 1919 -  PR# 1919 -  PR# 1919 -  PR# 1919 -  PR# 1919 -  PR# 1919 - )PR# 1919 - 
PR# 1919 -  PR# 1919 -  PR# 1919 -  PR# 1919 -  PR# 1919 - )PR# 1919 - 
PR# 1919 -  PR# 1919 -  PR# 1919 -  PR# 1919 -  PR# 1919 - oPR# 1919 - rPR# 1919 -  PR# 1919 - (PR# 1919 - 
PR# 1919 -  PR# 1919 -  PR# 1919 -  PR# 1919 -  PR# 1919 -  PR# 1919 -  PR# 1919 - (PR# 1919 - 
PR# 1919 -  PR# 1919 -  PR# 1919 -  PR# 1919 -  PR# 1919 -  PR# 1919 -  PR# 1919 -  PR# 1919 -  PR# 1919 - lPR# 1919 - ePR# 1919 - nPR# 1919 - gPR# 1919 - tPR# 1919 - hPR# 1919 - (PR# 1919 - rPR# 1919 - ePR# 1919 - cPR# 1919 - iPR# 1919 - pPR# 1919 - iPR# 1919 - ePR# 1919 - nPR# 1919 - tPR# 1919 - sPR# 1919 - .PR# 1919 - tPR# 1919 - oPR# 1919 - )PR# 1919 -  PR# 1919 - =PR# 1919 - =PR# 1919 -  PR# 1919 - 0PR# 1919 - 
PR# 1919 -  PR# 1919 -  PR# 1919 -  PR# 1919 -  PR# 1919 -  PR# 1919 -  PR# 1919 -  PR# 1919 -  PR# 1919 - oPR# 1919 - rPR# 1919 -  PR# 1919 - aPR# 1919 - lPR# 1919 - lPR# 1919 - (PR# 1919 - rPR# 1919 - ePR# 1919 - cPR# 1919 - iPR# 1919 - pPR# 1919 - iPR# 1919 - ePR# 1919 - nPR# 1919 - tPR# 1919 - sPR# 1919 - .PR# 1919 - tPR# 1919 - oPR# 1919 - ,PR# 1919 -  PR# 1919 - .PR# 1919 - dPR# 1919 - iPR# 1919 - sPR# 1919 - pPR# 1919 - lPR# 1919 - aPR# 1919 - yPR# 1919 - _PR# 1919 - nPR# 1919 - aPR# 1919 - mPR# 1919 - ePR# 1919 -  PR# 1919 - =PR# 1919 - =PR# 1919 -  PR# 1919 - "PR# 1919 - UPR# 1919 - nPR# 1919 - dPR# 1919 - iPR# 1919 - sPR# 1919 - cPR# 1919 - lPR# 1919 - oPR# 1919 - sPR# 1919 - ePR# 1919 - dPR# 1919 -  PR# 1919 - rPR# 1919 - ePR# 1919 - cPR# 1919 - iPR# 1919 - pPR# 1919 - iPR# 1919 - ePR# 1919 - nPR# 1919 - tPR# 1919 - sPR# 1919 - "PR# 1919 - )PR# 1919 - 
PR# 1919 -  PR# 1919 -  PR# 1919 -  PR# 1919 -  PR# 1919 -  PR# 1919 -  PR# 1919 - )PR# 1919 - 
PR# 1919 -  PR# 1919 -  PR# 1919 -  PR# 1919 -  PR# 1919 -  PR# 1919 -  PR# 1919 - aPR# 1919 - nPR# 1919 - dPR# 1919 -  PR# 1919 - lPR# 1919 - ePR# 1919 - nPR# 1919 - gPR# 1919 - tPR# 1919 - hPR# 1919 - (PR# 1919 - rPR# 1919 - ePR# 1919 - cPR# 1919 - iPR# 1919 - pPR# 1919 - iPR# 1919 - ePR# 1919 - nPR# 1919 - tPR# 1919 - sPR# 1919 - .PR# 1919 - cPR# 1919 - cPR# 1919 - )PR# 1919 -  PR# 1919 - =PR# 1919 - =PR# 1919 -  PR# 1919 - 0PR# 1919 - 
PR# 1919 -  PR# 1919 -  PR# 1919 -  PR# 1919 -  PR# 1919 -  PR# 1919 -  PR# 1919 - aPR# 1919 - nPR# 1919 - dPR# 1919 -  PR# 1919 - lPR# 1919 - ePR# 1919 - nPR# 1919 - gPR# 1919 - tPR# 1919 - hPR# 1919 - (PR# 1919 - rPR# 1919 - ePR# 1919 - cPR# 1919 - iPR# 1919 - pPR# 1919 - iPR# 1919 - ePR# 1919 - nPR# 1919 - tPR# 1919 - sPR# 1919 - .PR# 1919 - bPR# 1919 - cPR# 1919 - cPR# 1919 - )PR# 1919 -  PR# 1919 - =PR# 1919 - =PR# 1919 -  PR# 1919 - 0PR# 1919 - 
PR# 1919 -  PR# 1919 -  PR# 1919 -  PR# 1919 -  PR# 1919 - )PR# 1919 - 
PR# 1919 -  PR# 1919 -  PR# 1919 - )PR# 1919 - 
PR# 1919 - aPR# 1919 - tPR# 1919 - tPR# 1919 - aPR# 1919 - cPR# 1919 - kPR# 1919 - _PR# 1919 - tPR# 1919 - yPR# 1919 - pPR# 1919 - ePR# 1919 - sPR# 1919 - :PR# 1919 - 
PR# 1919 -  PR# 1919 -  PR# 1919 - -PR# 1919 -  PR# 1919 - "PR# 1919 - CPR# 1919 - rPR# 1919 - ePR# 1919 - dPR# 1919 - ePR# 1919 - nPR# 1919 - tPR# 1919 - iPR# 1919 - aPR# 1919 - lPR# 1919 -  PR# 1919 - PPR# 1919 - hPR# 1919 - iPR# 1919 - sPR# 1919 - hPR# 1919 - iPR# 1919 - nPR# 1919 - gPR# 1919 - "PR# 1919 - 
PR# 1919 - tPR# 1919 - aPR# 1919 - cPR# 1919 - tPR# 1919 - iPR# 1919 - cPR# 1919 - sPR# 1919 - _PR# 1919 - aPR# 1919 - nPR# 1919 - dPR# 1919 - _PR# 1919 - tPR# 1919 - ePR# 1919 - cPR# 1919 - hPR# 1919 - nPR# 1919 - iPR# 1919 - qPR# 1919 - uPR# 1919 - ePR# 1919 - sPR# 1919 - :PR# 1919 - 
PR# 1919 -  PR# 1919 -  PR# 1919 - -PR# 1919 -  PR# 1919 - "PR# 1919 - FPR# 1919 - rPR# 1919 - ePR# 1919 - ePR# 1919 -  PR# 1919 - ePR# 1919 - mPR# 1919 - aPR# 1919 - iPR# 1919 - lPR# 1919 -  PR# 1919 - pPR# 1919 - rPR# 1919 - oPR# 1919 - vPR# 1919 - iPR# 1919 - dPR# 1919 - ePR# 1919 - rPR# 1919 - "PR# 1919 - 
PR# 1919 -  PR# 1919 -  PR# 1919 - -PR# 1919 -  PR# 1919 - "PR# 1919 - IPR# 1919 - mPR# 1919 - pPR# 1919 - ePR# 1919 - rPR# 1919 - sPR# 1919 - oPR# 1919 - nPR# 1919 - aPR# 1919 - tPR# 1919 - iPR# 1919 - oPR# 1919 - nPR# 1919 - :PR# 1919 -  PR# 1919 - BPR# 1919 - rPR# 1919 - aPR# 1919 - nPR# 1919 - dPR# 1919 - "PR# 1919 - 
PR# 1919 -  PR# 1919 -  PR# 1919 - -PR# 1919 -  PR# 1919 - "PR# 1919 - SPR# 1919 - oPR# 1919 - cPR# 1919 - iPR# 1919 - aPR# 1919 - lPR# 1919 -  PR# 1919 - ePR# 1919 - nPR# 1919 - gPR# 1919 - iPR# 1919 - nPR# 1919 - ePR# 1919 - ePR# 1919 - rPR# 1919 - iPR# 1919 - nPR# 1919 - gPR# 1919 - "PR# 1919 - 
PR# 1919 - dPR# 1919 - ePR# 1919 - tPR# 1919 - ePR# 1919 - cPR# 1919 - tPR# 1919 - iPR# 1919 - oPR# 1919 - nPR# 1919 - _PR# 1919 - mPR# 1919 - ePR# 1919 - tPR# 1919 - hPR# 1919 - oPR# 1919 - dPR# 1919 - sPR# 1919 - :PR# 1919 - 
PR# 1919 -  PR# 1919 -  PR# 1919 - -PR# 1919 -  PR# 1919 - "PR# 1919 - CPR# 1919 - oPR# 1919 - nPR# 1919 - tPR# 1919 - ePR# 1919 - nPR# 1919 - tPR# 1919 -  PR# 1919 - aPR# 1919 - nPR# 1919 - aPR# 1919 - lPR# 1919 - yPR# 1919 - sPR# 1919 - iPR# 1919 - sPR# 1919 - "PR# 1919 - 
PR# 1919 -  PR# 1919 -  PR# 1919 - -PR# 1919 -  PR# 1919 - "PR# 1919 - FPR# 1919 - iPR# 1919 - lPR# 1919 - ePR# 1919 -  PR# 1919 - aPR# 1919 - nPR# 1919 - aPR# 1919 - lPR# 1919 - yPR# 1919 - sPR# 1919 - iPR# 1919 - sPR# 1919 - "PR# 1919 - 
PR# 1919 -  PR# 1919 -  PR# 1919 - -PR# 1919 -  PR# 1919 - "PR# 1919 - HPR# 1919 - ePR# 1919 - aPR# 1919 - dPR# 1919 - ePR# 1919 - rPR# 1919 -  PR# 1919 - aPR# 1919 - nPR# 1919 - aPR# 1919 - lPR# 1919 - yPR# 1919 - sPR# 1919 - iPR# 1919 - sPR# 1919 - "PR# 1919 - 
PR# 1919 -  PR# 1919 -  PR# 1919 - -PR# 1919 -  PR# 1919 - "PR# 1919 - SPR# 1919 - ePR# 1919 - nPR# 1919 - dPR# 1919 - ePR# 1919 - rPR# 1919 -  PR# 1919 - aPR# 1919 - nPR# 1919 - aPR# 1919 - lPR# 1919 - yPR# 1919 - sPR# 1919 - iPR# 1919 - sPR# 1919 - "PR# 1919 - 
PR# 1919 - iPR# 1919 - dPR# 1919 - :PR# 1919 -  PR# 1919 - "PR# 1919 - 3PR# 1919 - 2PR# 1919 - bPR# 1919 - dPR# 1919 - 9PR# 1919 - ePR# 1919 - fPR# 1919 - dPR# 1919 - -PR# 1919 - 6PR# 1919 - 7PR# 1919 - bPR# 1919 - aPR# 1919 - -PR# 1919 - 5PR# 1919 - 4PR# 1919 - ePR# 1919 - 2PR# 1919 - -PR# 1919 - 8PR# 1919 - 1PR# 1919 - dPR# 1919 - 0PR# 1919 - -PR# 1919 - 8PR# 1919 - 9PR# 1919 - cPR# 1919 - fPR# 1919 - 1PR# 1919 - 6PR# 1919 - ePR# 1919 - 8PR# 1919 - 5PR# 1919 - aPR# 1919 - 7PR# 1919 - 0PR# 1919 - "PR# 1919 - 
PR# 1919 - tPR# 1919 - aPR# 1919 - gPR# 1919 - sPR# 1919 - :PR# 1919 - 
PR# 1919 -  PR# 1919 -  PR# 1919 - -PR# 1919 -  PR# 1919 - pPR# 1919 - rPR# 1919 - _PR# 1919 - aPR# 1919 - uPR# 1919 - tPR# 1919 - hPR# 1919 - oPR# 1919 - rPR# 1919 - _PR# 1919 - aPR# 1919 - iPR# 1919 - dPR# 1919 - ePR# 1919 - nPR# 1919 - mPR# 1919 - iPR# 1919 - tPR# 1919 - cPR# 1919 - hPR# 1919 - ePR# 1919 - lPR# 1919 - lPR# 1919 - 